// !$*UTF8*$!
{
	archiveVersion = 1;
	classes = {
	};
	objectVersion = 48;
	objects = {

/* Begin PBXBuildFile section */
		18CABF331FD4E2E10096F0BA /* AppDelegate.m in Sources */ = {isa = PBXBuildFile; fileRef = 18CABF321FD4E2E10096F0BA /* AppDelegate.m */; };
		18CABF361FD4E2E20096F0BA /* ViewController.m in Sources */ = {isa = PBXBuildFile; fileRef = 18CABF351FD4E2E20096F0BA /* ViewController.m */; };
		18CABF391FD4E2E20096F0BA /* Main.storyboard in Resources */ = {isa = PBXBuildFile; fileRef = 18CABF371FD4E2E20096F0BA /* Main.storyboard */; };
		18CABF3B1FD4E2E20096F0BA /* Assets.xcassets in Resources */ = {isa = PBXBuildFile; fileRef = 18CABF3A1FD4E2E20096F0BA /* Assets.xcassets */; };
		18CABF3E1FD4E2E20096F0BA /* LaunchScreen.storyboard in Resources */ = {isa = PBXBuildFile; fileRef = 18CABF3C1FD4E2E20096F0BA /* LaunchScreen.storyboard */; };
		18CABF411FD4E2E20096F0BA /* main.m in Sources */ = {isa = PBXBuildFile; fileRef = 18CABF401FD4E2E20096F0BA /* main.m */; };
		18CABF4C1FD5141E0096F0BA /* PlayerView.m in Sources */ = {isa = PBXBuildFile; fileRef = 18CABF4B1FD5141E0096F0BA /* PlayerView.m */; };
		18CABF521FD530560096F0BA /* AllSwitchViewController.m in Sources */ = {isa = PBXBuildFile; fileRef = 18CABF511FD530560096F0BA /* AllSwitchViewController.m */; };
		18CABF551FD5306A0096F0BA /* SingleViewController.m in Sources */ = {isa = PBXBuildFile; fileRef = 18CABF541FD5306A0096F0BA /* SingleViewController.m */; };
		18CABF581FD5367D0096F0BA /* BaseNavigationController.m in Sources */ = {isa = PBXBuildFile; fileRef = 18CABF571FD5367C0096F0BA /* BaseNavigationController.m */; };
		B6481BCE306180991AA0E20D /* libPods-FF_ScrennSwitch.a in Frameworks */ = {isa = PBXBuildFile; fileRef = D1F3A184759D245431FB73CB /* libPods-FF_ScrennSwitch.a */; };
/* End PBXBuildFile section */

/* Begin PBXFileReference section */
		18CABF2E1FD4E2E10096F0BA /* FF_ScrennSwitch.app */ = {isa = PBXFileReference; explicitFileType = wrapper.application; includeInIndex = 0; path = FF_ScrennSwitch.app; sourceTree = BUILT_PRODUCTS_DIR; };
		18CABF311FD4E2E10096F0BA /* AppDelegate.h */ = {isa = PBXFileReference; lastKnownFileType = sourcecode.c.h; path = AppDelegate.h; sourceTree = "<group>"; };
		18CABF321FD4E2E10096F0BA /* AppDelegate.m */ = {isa = PBXFileReference; lastKnownFileType = sourcecode.c.objc; path = AppDelegate.m; sourceTree = "<group>"; };
		18CABF341FD4E2E20096F0BA /* ViewController.h */ = {isa = PBXFileReference; lastKnownFileType = sourcecode.c.h; path = ViewController.h; sourceTree = "<group>"; };
		18CABF351FD4E2E20096F0BA /* ViewController.m */ = {isa = PBXFileReference; lastKnownFileType = sourcecode.c.objc; path = ViewController.m; sourceTree = "<group>"; };
		18CABF381FD4E2E20096F0BA /* Base */ = {isa = PBXFileReference; lastKnownFileType = file.storyboard; name = Base; path = Base.lproj/Main.storyboard; sourceTree = "<group>"; };
		18CABF3A1FD4E2E20096F0BA /* Assets.xcassets */ = {isa = PBXFileReference; lastKnownFileType = folder.assetcatalog; path = Assets.xcassets; sourceTree = "<group>"; };
		18CABF3D1FD4E2E20096F0BA /* Base */ = {isa = PBXFileReference; lastKnownFileType = file.storyboard; name = Base; path = Base.lproj/LaunchScreen.storyboard; sourceTree = "<group>"; };
		18CABF3F1FD4E2E20096F0BA /* Info.plist */ = {isa = PBXFileReference; lastKnownFileType = text.plist.xml; path = Info.plist; sourceTree = "<group>"; };
		18CABF401FD4E2E20096F0BA /* main.m */ = {isa = PBXFileReference; lastKnownFileType = sourcecode.c.objc; path = main.m; sourceTree = "<group>"; };
		18CABF4A1FD5141E0096F0BA /* PlayerView.h */ = {isa = PBXFileReference; lastKnownFileType = sourcecode.c.h; path = PlayerView.h; sourceTree = "<group>"; };
		18CABF4B1FD5141E0096F0BA /* PlayerView.m */ = {isa = PBXFileReference; lastKnownFileType = sourcecode.c.objc; path = PlayerView.m; sourceTree = "<group>"; };
		18CABF501FD530560096F0BA /* AllSwitchViewController.h */ = {isa = PBXFileReference; lastKnownFileType = sourcecode.c.h; path = AllSwitchViewController.h; sourceTree = "<group>"; };
		18CABF511FD530560096F0BA /* AllSwitchViewController.m */ = {isa = PBXFileReference; lastKnownFileType = sourcecode.c.objc; path = AllSwitchViewController.m; sourceTree = "<group>"; };
		18CABF531FD5306A0096F0BA /* SingleViewController.h */ = {isa = PBXFileReference; lastKnownFileType = sourcecode.c.h; path = SingleViewController.h; sourceTree = "<group>"; };
		18CABF541FD5306A0096F0BA /* SingleViewController.m */ = {isa = PBXFileReference; lastKnownFileType = sourcecode.c.objc; path = SingleViewController.m; sourceTree = "<group>"; };
		18CABF561FD5367C0096F0BA /* BaseNavigationController.h */ = {isa = PBXFileReference; fileEncoding = 4; lastKnownFileType = sourcecode.c.h; path = BaseNavigationController.h; sourceTree = "<group>"; };
		18CABF571FD5367C0096F0BA /* BaseNavigationController.m */ = {isa = PBXFileReference; fileEncoding = 4; lastKnownFileType = sourcecode.c.objc; path = BaseNavigationController.m; sourceTree = "<group>"; };
		AD0807D1D9C4940C99803085 /* Pods-FF_ScrennSwitch.debug.xcconfig */ = {isa = PBXFileReference; includeInIndex = 1; lastKnownFileType = text.xcconfig; name = "Pods-FF_ScrennSwitch.debug.xcconfig"; path = "Pods/Target Support Files/Pods-FF_ScrennSwitch/Pods-FF_ScrennSwitch.debug.xcconfig"; sourceTree = "<group>"; };
		BAE0B2196836B41A94DC8CC3 /* Pods-FF_ScrennSwitch.release.xcconfig */ = {isa = PBXFileReference; includeInIndex = 1; lastKnownFileType = text.xcconfig; name = "Pods-FF_ScrennSwitch.release.xcconfig"; path = "Pods/Target Support Files/Pods-FF_ScrennSwitch/Pods-FF_ScrennSwitch.release.xcconfig"; sourceTree = "<group>"; };
		D1F3A184759D245431FB73CB /* libPods-FF_ScrennSwitch.a */ = {isa = PBXFileReference; explicitFileType = archive.ar; includeInIndex = 0; path = "libPods-FF_ScrennSwitch.a"; sourceTree = BUILT_PRODUCTS_DIR; };
/* End PBXFileReference section */

/* Begin PBXFrameworksBuildPhase section */
		18CABF2B1FD4E2E10096F0BA /* Frameworks */ = {
			isa = PBXFrameworksBuildPhase;
			buildActionMask = 2147483647;
			files = (
				B6481BCE306180991AA0E20D /* libPods-FF_ScrennSwitch.a in Frameworks */,
			);
			runOnlyForDeploymentPostprocessing = 0;
		};
/* End PBXFrameworksBuildPhase section */

/* Begin PBXGroup section */
		18CABF251FD4E2E10096F0BA = {
			isa = PBXGroup;
			children = (
				18CABF301FD4E2E10096F0BA /* FF_ScrennSwitch */,
				18CABF2F1FD4E2E10096F0BA /* Products */,
				5DC9085994F8EABB2D395412 /* Pods */,
				F35D8AF809A785744F0493D8 /* Frameworks */,
			);
			sourceTree = "<group>";
		};
		18CABF2F1FD4E2E10096F0BA /* Products */ = {
			isa = PBXGroup;
			children = (
				18CABF2E1FD4E2E10096F0BA /* FF_ScrennSwitch.app */,
			);
			name = Products;
			sourceTree = "<group>";
		};
		18CABF301FD4E2E10096F0BA /* FF_ScrennSwitch */ = {
			isa = PBXGroup;
			children = (
				18CABF561FD5367C0096F0BA /* BaseNavigationController.h */,
				18CABF571FD5367C0096F0BA /* BaseNavigationController.m */,
				18CABF311FD4E2E10096F0BA /* AppDelegate.h */,
				18CABF321FD4E2E10096F0BA /* AppDelegate.m */,
				18CABF341FD4E2E20096F0BA /* ViewController.h */,
				18CABF351FD4E2E20096F0BA /* ViewController.m */,
				18CABF501FD530560096F0BA /* AllSwitchViewController.h */,
				18CABF511FD530560096F0BA /* AllSwitchViewController.m */,
				18CABF531FD5306A0096F0BA /* SingleViewController.h */,
				18CABF541FD5306A0096F0BA /* SingleViewController.m */,
				18CABF4A1FD5141E0096F0BA /* PlayerView.h */,
				18CABF4B1FD5141E0096F0BA /* PlayerView.m */,
				18CABF371FD4E2E20096F0BA /* Main.storyboard */,
				18CABF3A1FD4E2E20096F0BA /* Assets.xcassets */,
				18CABF3C1FD4E2E20096F0BA /* LaunchScreen.storyboard */,
				18CABF3F1FD4E2E20096F0BA /* Info.plist */,
				18CABF401FD4E2E20096F0BA /* main.m */,
			);
			path = FF_ScrennSwitch;
			sourceTree = "<group>";
		};
		5DC9085994F8EABB2D395412 /* Pods */ = {
			isa = PBXGroup;
			children = (
				AD0807D1D9C4940C99803085 /* Pods-FF_ScrennSwitch.debug.xcconfig */,
				BAE0B2196836B41A94DC8CC3 /* Pods-FF_ScrennSwitch.release.xcconfig */,
			);
			name = Pods;
			sourceTree = "<group>";
		};
		F35D8AF809A785744F0493D8 /* Frameworks */ = {
			isa = PBXGroup;
			children = (
				D1F3A184759D245431FB73CB /* libPods-FF_ScrennSwitch.a */,
			);
			name = Frameworks;
			sourceTree = "<group>";
		};
/* End PBXGroup section */

/* Begin PBXNativeTarget section */
		18CABF2D1FD4E2E10096F0BA /* FF_ScrennSwitch */ = {
			isa = PBXNativeTarget;
			buildConfigurationList = 18CABF441FD4E2E20096F0BA /* Build configuration list for PBXNativeTarget "FF_ScrennSwitch" */;
			buildPhases = (
				2918A3F36E0EEFCA04C47CE4 /* [CP] Check Pods Manifest.lock */,
				18CABF2A1FD4E2E10096F0BA /* Sources */,
				18CABF2B1FD4E2E10096F0BA /* Frameworks */,
				18CABF2C1FD4E2E10096F0BA /* Resources */,
				4B1A778811794AB232DDAF4B /* [CP] Embed Pods Frameworks */,
				E94683F495401C5958C2E4CD /* [CP] Copy Pods Resources */,
			);
			buildRules = (
			);
			dependencies = (
			);
			name = FF_ScrennSwitch;
			productName = FF_ScrennSwitch;
			productReference = 18CABF2E1FD4E2E10096F0BA /* FF_ScrennSwitch.app */;
			productType = "com.apple.product-type.application";
		};
/* End PBXNativeTarget section */

/* Begin PBXProject section */
		18CABF261FD4E2E10096F0BA /* Project object */ = {
			isa = PBXProject;
			attributes = {
				LastUpgradeCheck = 0910;
				ORGANIZATIONNAME = fanxiaobin;
				TargetAttributes = {
					18CABF2D1FD4E2E10096F0BA = {
						CreatedOnToolsVersion = 9.1;
						ProvisioningStyle = Automatic;
					};
				};
			};
			buildConfigurationList = 18CABF291FD4E2E10096F0BA /* Build configuration list for PBXProject "FF_ScrennSwitch" */;
			compatibilityVersion = "Xcode 8.0";
			developmentRegion = en;
			hasScannedForEncodings = 0;
			knownRegions = (
				en,
				Base,
			);
			mainGroup = 18CABF251FD4E2E10096F0BA;
			productRefGroup = 18CABF2F1FD4E2E10096F0BA /* Products */;
			projectDirPath = "";
			projectRoot = "";
			targets = (
				18CABF2D1FD4E2E10096F0BA /* FF_ScrennSwitch */,
			);
		};
/* End PBXProject section */

/* Begin PBXResourcesBuildPhase section */
		18CABF2C1FD4E2E10096F0BA /* Resources */ = {
			isa = PBXResourcesBuildPhase;
			buildActionMask = 2147483647;
			files = (
				18CABF3E1FD4E2E20096F0BA /* LaunchScreen.storyboard in Resources */,
				18CABF3B1FD4E2E20096F0BA /* Assets.xcassets in Resources */,
				18CABF391FD4E2E20096F0BA /* Main.storyboard in Resources */,
			);
			runOnlyForDeploymentPostprocessing = 0;
		};
/* End PBXResourcesBuildPhase section */

/* Begin PBXShellScriptBuildPhase section */
		2918A3F36E0EEFCA04C47CE4 /* [CP] Check Pods Manifest.lock */ = {
			isa = PBXShellScriptBuildPhase;
			buildActionMask = 2147483647;
			files = (
			);
			inputPaths = (
				"${PODS_PODFILE_DIR_PATH}/Podfile.lock",
				"${PODS_ROOT}/Manifest.lock",
			);
			name = "[CP] Check Pods Manifest.lock";
			outputPaths = (
				"$(DERIVED_FILE_DIR)/Pods-FF_ScrennSwitch-checkManifestLockResult.txt",
			);
			runOnlyForDeploymentPostprocessing = 0;
			shellPath = /bin/sh;
			shellScript = "diff \"${PODS_PODFILE_DIR_PATH}/Podfile.lock\" \"${PODS_ROOT}/Manifest.lock\" > /dev/null\nif [ $? != 0 ] ; then\n    # print error to STDERR\n    echo \"error: The sandbox is not in sync with the Podfile.lock. Run 'pod install' or update your CocoaPods installation.\" >&2\n    exit 1\nfi\n# This output is used by Xcode 'outputs' to avoid re-running this script phase.\necho \"SUCCESS\" > \"${SCRIPT_OUTPUT_FILE_0}\"\n";
			showEnvVarsInLog = 0;
		};
		4B1A778811794AB232DDAF4B /* [CP] Embed Pods Frameworks */ = {
			isa = PBXShellScriptBuildPhase;
			buildActionMask = 2147483647;
			files = (
			);
			inputPaths = (
			);
			name = "[CP] Embed Pods Frameworks";
			outputPaths = (
			);
			runOnlyForDeploymentPostprocessing = 0;
			shellPath = /bin/sh;
			shellScript = "\"${SRCROOT}/Pods/Target Support Files/Pods-FF_ScrennSwitch/Pods-FF_ScrennSwitch-frameworks.sh\"\n";
			showEnvVarsInLog = 0;
		};
		E94683F495401C5958C2E4CD /* [CP] Copy Pods Resources */ = {
			isa = PBXShellScriptBuildPhase;
			buildActionMask = 2147483647;
			files = (
			);
			inputPaths = (
			);
			name = "[CP] Copy Pods Resources";
			outputPaths = (
			);
			runOnlyForDeploymentPostprocessing = 0;
			shellPath = /bin/sh;
			shellScript = "\"${SRCROOT}/Pods/Target Support Files/Pods-FF_ScrennSwitch/Pods-FF_ScrennSwitch-resources.sh\"\n";
			showEnvVarsInLog = 0;
		};
/* End PBXShellScriptBuildPhase section */

/* Begin PBXSourcesBuildPhase section */
		18CABF2A1FD4E2E10096F0BA /* Sources */ = {
			isa = PBXSourcesBuildPhase;
			buildActionMask = 2147483647;
			files = (
				18CABF361FD4E2E20096F0BA /* ViewController.m in Sources */,
				18CABF581FD5367D0096F0BA /* BaseNavigationController.m in Sources */,
				18CABF411FD4E2E20096F0BA /* main.m in Sources */,
				18CABF331FD4E2E10096F0BA /* AppDelegate.m in Sources */,
				18CABF551FD5306A0096F0BA /* SingleViewController.m in Sources */,
				18CABF4C1FD5141E0096F0BA /* PlayerView.m in Sources */,
				18CABF521FD530560096F0BA /* AllSwitchViewController.m in Sources */,
			);
			runOnlyForDeploymentPostprocessing = 0;
		};
/* End PBXSourcesBuildPhase section */

/* Begin PBXVariantGroup section */
		18CABF371FD4E2E20096F0BA /* Main.storyboard */ = {
			isa = PBXVariantGroup;
			children = (
				18CABF381FD4E2E20096F0BA /* Base */,
			);
			name = Main.storyboard;
			sourceTree = "<group>";
		};
		18CABF3C1FD4E2E20096F0BA /* LaunchScreen.storyboard */ = {
			isa = PBXVariantGroup;
			children = (
				18CABF3D1FD4E2E20096F0BA /* Base */,
			);
			name = LaunchScreen.storyboard;
			sourceTree = "<group>";
		};
/* End PBXVariantGroup section */

/* Begin XCBuildConfiguration section */
		18CABF421FD4E2E20096F0BA /* Debug */ = {
			isa = XCBuildConfiguration;
			buildSettings = {
				ALWAYS_SEARCH_USER_PATHS = NO;
				CLANG_ANALYZER_NONNULL = YES;
				CLANG_ANALYZER_NUMBER_OBJECT_CONVERSION = YES_AGGRESSIVE;
				CLANG_CXX_LANGUAGE_STANDARD = "gnu++14";
				CLANG_CXX_LIBRARY = "libc++";
				CLANG_ENABLE_MODULES = YES;
				CLANG_ENABLE_OBJC_ARC = YES;
				CLANG_WARN_BLOCK_CAPTURE_AUTORELEASING = YES;
				CLANG_WARN_BOOL_CONVERSION = YES;
				CLANG_WARN_COMMA = YES;
				CLANG_WARN_CONSTANT_CONVERSION = YES;
				CLANG_WARN_DIRECT_OBJC_ISA_USAGE = YES_ERROR;
				CLANG_WARN_DOCUMENTATION_COMMENTS = YES;
				CLANG_WARN_EMPTY_BODY = YES;
				CLANG_WARN_ENUM_CONVERSION = YES;
				CLANG_WARN_INFINITE_RECURSION = YES;
				CLANG_WARN_INT_CONVERSION = YES;
				CLANG_WARN_NON_LITERAL_NULL_CONVERSION = YES;
				CLANG_WARN_OBJC_LITERAL_CONVERSION = YES;
				CLANG_WARN_OBJC_ROOT_CLASS = YES_ERROR;
				CLANG_WARN_RANGE_LOOP_ANALYSIS = YES;
				CLANG_WARN_STRICT_PROTOTYPES = YES;
				CLANG_WARN_SUSPICIOUS_MOVE = YES;
				CLANG_WARN_UNGUARDED_AVAILABILITY = YES_AGGRESSIVE;
				CLANG_WARN_UNREACHABLE_CODE = YES;
				CLANG_WARN__DUPLICATE_METHOD_MATCH = YES;
				CODE_SIGN_IDENTITY = "iPhone Developer";
				COPY_PHASE_STRIP = NO;
				DEBUG_INFORMATION_FORMAT = dwarf;
				ENABLE_STRICT_OBJC_MSGSEND = YES;
				ENABLE_TESTABILITY = YES;
				GCC_C_LANGUAGE_STANDARD = gnu11;
				GCC_DYNAMIC_NO_PIC = NO;
				GCC_NO_COMMON_BLOCKS = YES;
				GCC_OPTIMIZATION_LEVEL = 0;
				GCC_PREPROCESSOR_DEFINITIONS = (
					"DEBUG=1",
					"$(inherited)",
				);
				GCC_WARN_64_TO_32_BIT_CONVERSION = YES;
				GCC_WARN_ABOUT_RETURN_TYPE = YES_ERROR;
				GCC_WARN_UNDECLARED_SELECTOR = YES;
				GCC_WARN_UNINITIALIZED_AUTOS = YES_AGGRESSIVE;
				GCC_WARN_UNUSED_FUNCTION = YES;
				GCC_WARN_UNUSED_VARIABLE = YES;
				IPHONEOS_DEPLOYMENT_TARGET = 11.1;
				MTL_ENABLE_DEBUG_INFO = YES;
				ONLY_ACTIVE_ARCH = YES;
				SDKROOT = iphoneos;
			};
			name = Debug;
		};
		18CABF431FD4E2E20096F0BA /* Release */ = {
			isa = XCBuildConfiguration;
			buildSettings = {
				ALWAYS_SEARCH_USER_PATHS = NO;
				CLANG_ANALYZER_NONNULL = YES;
				CLANG_ANALYZER_NUMBER_OBJECT_CONVERSION = YES_AGGRESSIVE;
				CLANG_CXX_LANGUAGE_STANDARD = "gnu++14";
				CLANG_CXX_LIBRARY = "libc++";
				CLANG_ENABLE_MODULES = YES;
				CLANG_ENABLE_OBJC_ARC = YES;
				CLANG_WARN_BLOCK_CAPTURE_AUTORELEASING = YES;
				CLANG_WARN_BOOL_CONVERSION = YES;
				CLANG_WARN_COMMA = YES;
				CLANG_WARN_CONSTANT_CONVERSION = YES;
				CLANG_WARN_DIRECT_OBJC_ISA_USAGE = YES_ERROR;
				CLANG_WARN_DOCUMENTATION_COMMENTS = YES;
				CLANG_WARN_EMPTY_BODY = YES;
				CLANG_WARN_ENUM_CONVERSION = YES;
				CLANG_WARN_INFINITE_RECURSION = YES;
				CLANG_WARN_INT_CONVERSION = YES;
				CLANG_WARN_NON_LITERAL_NULL_CONVERSION = YES;
				CLANG_WARN_OBJC_LITERAL_CONVERSION = YES;
				CLANG_WARN_OBJC_ROOT_CLASS = YES_ERROR;
				CLANG_WARN_RANGE_LOOP_ANALYSIS = YES;
				CLANG_WARN_STRICT_PROTOTYPES = YES;
				CLANG_WARN_SUSPICIOUS_MOVE = YES;
				CLANG_WARN_UNGUARDED_AVAILABILITY = YES_AGGRESSIVE;
				CLANG_WARN_UNREACHABLE_CODE = YES;
				CLANG_WARN__DUPLICATE_METHOD_MATCH = YES;
				CODE_SIGN_IDENTITY = "iPhone Developer";
				COPY_PHASE_STRIP = NO;
				DEBUG_INFORMATION_FORMAT = "dwarf-with-dsym";
				ENABLE_NS_ASSERTIONS = NO;
				ENABLE_STRICT_OBJC_MSGSEND = YES;
				GCC_C_LANGUAGE_STANDARD = gnu11;
				GCC_NO_COMMON_BLOCKS = YES;
				GCC_WARN_64_TO_32_BIT_CONVERSION = YES;
				GCC_WARN_ABOUT_RETURN_TYPE = YES_ERROR;
				GCC_WARN_UNDECLARED_SELECTOR = YES;
				GCC_WARN_UNINITIALIZED_AUTOS = YES_AGGRESSIVE;
				GCC_WARN_UNUSED_FUNCTION = YES;
				GCC_WARN_UNUSED_VARIABLE = YES;
				IPHONEOS_DEPLOYMENT_TARGET = 11.1;
				MTL_ENABLE_DEBUG_INFO = NO;
				SDKROOT = iphoneos;
				VALIDATE_PRODUCT = YES;
			};
			name = Release;
		};
		18CABF451FD4E2E20096F0BA /* Debug */ = {
			isa = XCBuildConfiguration;
			baseConfigurationReference = AD0807D1D9C4940C99803085 /* Pods-FF_ScrennSwitch.debug.xcconfig */;
			buildSettings = {
				ASSETCATALOG_COMPILER_APPICON_NAME = AppIcon;
				CODE_SIGN_STYLE = Automatic;
				DEVELOPMENT_TEAM = 5E58Y5ZCUT;
				INFOPLIST_FILE = FF_ScrennSwitch/Info.plist;
				IPHONEOS_DEPLOYMENT_TARGET = 8.0;
				LD_RUNPATH_SEARCH_PATHS = "$(inherited) @executable_path/Frameworks";
				PRODUCT_BUNDLE_IDENTIFIER = "fanxiaobin.FF-ScrennSwitch";
				PRODUCT_NAME = "$(TARGET_NAME)";
				TARGETED_DEVICE_FAMILY = "1,2";
			};
			name = Debug;
		};
		18CABF461FD4E2E20096F0BA /* Release */ = {
			isa = XCBuildConfiguration;
			baseConfigurationReference = BAE0B2196836B41A94DC8CC3 /* Pods-FF_ScrennSwitch.release.xcconfig */;
			buildSettings = {
				ASSETCATALOG_COMPILER_APPICON_NAME = AppIcon;
				CODE_SIGN_STYLE = Automatic;
				DEVELOPMENT_TEAM = 5E58Y5ZCUT;
				INFOPLIST_FILE = FF_ScrennSwitch/Info.plist;
				IPHONEOS_DEPLOYMENT_TARGET = 8.0;
				LD_RUNPATH_SEARCH_PATHS = "$(inherited) @executable_path/Frameworks";
				PRODUCT_BUNDLE_IDENTIFIER = "fanxiaobin.FF-ScrennSwitch";
				PRODUCT_NAME = "$(TARGET_NAME)";
				TARGETED_DEVICE_FAMILY = "1,2";
			};
			name = Release;
		};
/* End XCBuildConfiguration section */

/* Begin XCConfigurationList section */
		18CABF291FD4E2E10096F0BA /* Build configuration list for PBXProject "FF_ScrennSwitch" */ = {
			isa = XCConfigurationList;
			buildConfigurations = (
				18CABF421FD4E2E20096F0BA /* Debug */,
				18CABF431FD4E2E20096F0BA /* Release */,
			);
			defaultConfigurationIsVisible = 0;
			defaultConfigurationName = Release;
		};
		18CABF441FD4E2E20096F0BA /* Build configuration list for PBXNativeTarget "FF_ScrennSwitch" */ = {
			isa = XCConfigurationList;
			buildConfigurations = (
				18CABF451FD4E2E20096F0BA /* Debug */,
				18CABF461FD4E2E20096F0BA /* Release */,
			);
			defaultConfigurationIsVisible = 0;
			defaultConfigurationName = Release;
		};
/* End XCConfigurationList section */
	};
	rootObject = 18CABF261FD4E2E10096F0BA /* Project object */;
}
